// !$*UTF8*$!
{
	archiveVersion = 1;
	classes = {
	};
	objectVersion = 46;
	objects = {

/* Begin PBXBuildFile section */
		733328AE19B30330005E42B9 /* Foundation.framework in Frameworks */ = {isa = PBXBuildFile; fileRef = 733328AD19B30330005E42B9 /* Foundation.framework */; };
		733328B119B30330005E42B9 /* main.m in Sources */ = {isa = PBXBuildFile; fileRef = 733328B019B30330005E42B9 /* main.m */; };
		733328B519B30330005E42B9 /* GitTestOne.1 in CopyFiles */ = {isa = PBXBuildFile; fileRef = 733328B419B30330005E42B9 /* GitTestOne.1 */; };
/* End PBXBuildFile section */

/* Begin PBXCopyFilesBuildPhase section */
		733328A819B30330005E42B9 /* CopyFiles */ = {
			isa = PBXCopyFilesBuildPhase;
			buildActionMask = 2147483647;
			dstPath = /usr/share/man/man1/;
			dstSubfolderSpec = 0;
			files = (
				733328B519B30330005E42B9 /* GitTestOne.1 in CopyFiles */,
			);
			runOnlyForDeploymentPostprocessing = 1;
		};
/* End PBXCopyFilesBuildPhase section */

/* Begin PBXFileReference section */
		733328AA19B30330005E42B9 /* GitTestOne */ = {isa = PBXFileReference; explicitFileType = "compiled.mach-o.executable"; includeInIndex = 0; path = GitTestOne; sourceTree = BUILT_PRODUCTS_DIR; };
		733328AD19B30330005E42B9 /* Foundation.framework */ = {isa = PBXFileReference; lastKnownFileType = wrapper.framework; name = Foundation.framework; path = System/Library/Frameworks/Foundation.framework; sourceTree = SDKROOT; };
		733328B019B30330005E42B9 /* main.m */ = {isa = PBXFileReference; lastKnownFileType = sourcecode.c.objc; path = main.m; sourceTree = "<group>"; };
		733328B319B30330005E42B9 /* GitTestOne-Prefix.pch */ = {isa = PBXFileReference; lastKnownFileType = sourcecode.c.h; path = "GitTestOne-Prefix.pch"; sourceTree = "<group>"; };
		733328B419B30330005E42B9 /* GitTestOne.1 */ = {isa = PBXFileReference; lastKnownFileType = text.man; path = GitTestOne.1; sourceTree = "<group>"; };
/* End PBXFileReference section */

/* Begin PBXFrameworksBuildPhase section */
		733328A719B30330005E42B9 /* Frameworks */ = {
			isa = PBXFrameworksBuildPhase;
			buildActionMask = 2147483647;
			files = (
				733328AE19B30330005E42B9 /* Foundation.framework in Frameworks */,
			);
			runOnlyForDeploymentPostprocessing = 0;
		};
/* End PBXFrameworksBuildPhase section */

/* Begin PBXGroup section */
		733328A119B30330005E42B9 = {
			isa = PBXGroup;
			children = (
				733328AF19B30330005E42B9 /* GitTestOne */,
				733328AC19B30330005E42B9 /* Frameworks */,
				733328AB19B30330005E42B9 /* Products */,
			);
			sourceTree = "<group>";
		};
		733328AB19B30330005E42B9 /* Products */ = {
			isa = PBXGroup;
			children = (
				733328AA19B30330005E42B9 /* GitTestOne */,
			);
			name = Products;
			sourceTree = "<group>";
		};
		733328AC19B30330005E42B9 /* Frameworks */ = {
			isa = PBXGroup;
			children = (
				733328AD19B30330005E42B9 /* Foundation.framework */,
			);
			name = Frameworks;
			sourceTree = "<group>";
		};
		733328AF19B30330005E42B9 /* GitTestOne */ = {
			isa = PBXGroup;
			children = (
				733328B019B30330005E42B9 /* main.m */,
				733328B419B30330005E42B9 /* GitTestOne.1 */,
				733328B219B30330005E42B9 /* Supporting Files */,
			);
			path = GitTestOne;
			sourceTree = "<group>";
		};
		733328B219B30330005E42B9 /* Supporting Files */ = {
			isa = PBXGroup;
			children = (
				733328B319B30330005E42B9 /* GitTestOne-Prefix.pch */,
			);
			name = "Supporting Files";
			sourceTree = "<group>";
		};
/* End PBXGroup section */

/* Begin PBXNativeTarget section */
		733328A919B30330005E42B9 /* GitTestOne */ = {
			isa = PBXNativeTarget;
			buildConfigurationList = 733328B819B30330005E42B9 /* Build configuration list for PBXNativeTarget "GitTestOne" */;
			buildPhases = (
				733328A619B30330005E42B9 /* Sources */,
				733328A719B30330005E42B9 /* Frameworks */,
				733328A819B30330005E42B9 /* CopyFiles */,
			);
			buildRules = (
			);
			dependencies = (
			);
			name = GitTestOne;
			productName = GitTestOne;
			productReference = 733328AA19B30330005E42B9 /* GitTestOne */;
			productType = "com.apple.product-type.tool";
		};
/* End PBXNativeTarget section */

/* Begin PBXProject section */
		733328A219B30330005E42B9 /* Project object */ = {
			isa = PBXProject;
			attributes = {
				LastUpgradeCheck = 0510;
				ORGANIZATIONNAME = "___FULLUSERNAME___";
			};
			buildConfigurationList = 733328A519B30330005E42B9 /* Build configuration list for PBXProject "GitTestOne" */;
			compatibilityVersion = "Xcode 3.2";
			developmentRegion = English;
			hasScannedForEncodings = 0;
			knownRegions = (
				en,
			);
			mainGroup = 733328A119B30330005E42B9;
			productRefGroup = 733328AB19B30330005E42B9 /* Products */;
			projectDirPath = "";
			projectRoot = "";
			targets = (
				733328A919B30330005E42B9 /* GitTestOne */,
			);
		};
/* End PBXProject section */

/* Begin PBXSourcesBuildPhase section */
		733328A619B30330005E42B9 /* Sources */ = {
			isa = PBXSourcesBuildPhase;
			buildActionMask = 2147483647;
			files = (
				733328B119B30330005E42B9 /* main.m in Sources */,
			);
			runOnlyForDeploymentPostprocessing = 0;
		};
/* End PBXSourcesBuildPhase section */

/* Begin XCBuildConfiguration section */
		733328B619B30330005E42B9 /* Debug */ = {
			isa = XCBuildConfiguration;
			buildSettings = {
				ALWAYS_SEARCH_USER_PATHS = NO;
				CLANG_CXX_LANGUAGE_STANDARD = "gnu++0x";
				CLANG_CXX_LIBRARY = "libc++";
				CLANG_ENABLE_MODULES = YES;
				CLANG_ENABLE_OBJC_ARC = YES;
				CLANG_WARN_BOOL_CONVERSION = YES;
				CLANG_WARN_CONSTANT_CONVERSION = YES;
				CLANG_WARN_DIRECT_OBJC_ISA_USAGE = YES_ERROR;
				CLANG_WARN_EMPTY_BODY = YES;
				CLANG_WARN_ENUM_CONVERSION = YES;
				CLANG_WARN_INT_CONVERSION = YES;
				CLANG_WARN_OBJC_ROOT_CLASS = YES_ERROR;
				CLANG_WARN__DUPLICATE_METHOD_MATCH = YES;
				COPY_PHASE_STRIP = NO;
				GCC_C_LANGUAGE_STANDARD = gnu99;
				GCC_DYNAMIC_NO_PIC = NO;
				GCC_ENABLE_OBJC_EXCEPTIONS = YES;
				GCC_OPTIMIZATION_LEVEL = 0;
				GCC_PREPROCESSOR_DEFINITIONS = (
					"DEBUG=1",
					"$(inherited)",
				);
				GCC_SYMBOLS_PRIVATE_EXTERN = NO;
				GCC_WARN_64_TO_32_BIT_CONVERSION = YES;
				GCC_WARN_ABOUT_RETURN_TYPE = YES_ERROR;
				GCC_WARN_UNDECLARED_SELECTOR = YES;
				GCC_WARN_UNINITIALIZED_AUTOS = YES_AGGRESSIVE;
				GCC_WARN_UNUSED_FUNCTION = YES;
				GCC_WARN_UNUSED_VARIABLE = YES;
				MACOSX_DEPLOYMENT_TARGET = 10.9;
				ONLY_ACTIVE_ARCH = YES;
				SDKROOT = macosx;
			};
			name = Debug;
		};
		733328B719B30330005E42B9 /* Release */ = {
			isa = XCBuildConfiguration;
			buildSettings = {
				ALWAYS_SEARCH_USER_PATHS = NO;
				CLANG_CXX_LANGUAGE_STANDARD = "gnu++0x";
				CLANG_CXX_LIBRARY = "libc++";
				CLANG_ENABLE_MODULES = YES;
				CLANG_ENABLE_OBJC_ARC = YES;
				CLANG_WARN_BOOL_CONVERSION = YES;
				CLANG_WARN_CONSTANT_CONVERSION = YES;
				CLANG_WARN_DIRECT_OBJC_ISA_USAGE = YES_ERROR;
				CLANG_WARN_EMPTY_BODY = YES;
				CLANG_WARN_ENUM_CONVERSION = YES;
				CLANG_WARN_INT_CONVERSION = YES;
				CLANG_WARN_OBJC_ROOT_CLASS = YES_ERROR;
				CLANG_WARN__DUPLICATE_METHOD_MATCH = YES;
				COPY_PHASE_STRIP = YES;
				DEBUG_INFORMATION_FORMAT = "dwarf-with-dsym";
				ENABLE_NS_ASSERTIONS = NO;
				GCC_C_LANGUAGE_STANDARD = gnu99;
				GCC_ENABLE_OBJC_EXCEPTIONS = YES;
				GCC_WARN_64_TO_32_BIT_CONVERSION = YES;
				GCC_WARN_ABOUT_RETURN_TYPE = YES_ERROR;
				GCC_WARN_UNDECLARED_SELECTOR = YES;
				GCC_WARN_UNINITIALIZED_AUTOS = YES_AGGRESSIVE;
				GCC_WARN_UNUSED_FUNCTION = YES;
				GCC_WARN_UNUSED_VARIABLE = YES;
				MACOSX_DEPLOYMENT_TARGET = 10.9;
				SDKROOT = macosx;
			};
			name = Release;
		};
		733328B919B30330005E42B9 /* Debug */ = {
			isa = XCBuildConfiguration;
			buildSettings = {
				GCC_PRECOMPILE_PREFIX_HEADER = YES;
				GCC_PREFIX_HEADER = "GitTestOne/GitTestOne-Prefix.pch";
				PRODUCT_NAME = "$(TARGET_NAME)";
			};
			name = Debug;
		};
		733328BA19B30330005E42B9 /* Release */ = {
			isa = XCBuildConfiguration;
			buildSettings = {
				GCC_PRECOMPILE_PREFIX_HEADER = YES;
				GCC_PREFIX_HEADER = "GitTestOne/GitTestOne-Prefix.pch";
				PRODUCT_NAME = "$(TARGET_NAME)";
			};
			name = Release;
		};
/* End XCBuildConfiguration section */

/* Begin XCConfigurationList section */
		733328A519B30330005E42B9 /* Build configuration list for PBXProject "GitTestOne" */ = {
			isa = XCConfigurationList;
			buildConfigurations = (
				733328B619B30330005E42B9 /* Debug */,
				733328B719B30330005E42B9 /* Release */,
			);
			defaultConfigurationIsVisible = 0;
			defaultConfigurationName = Release;
		};
		733328B819B30330005E42B9 /* Build configuration list for PBXNativeTarget "GitTestOne" */ = {
			isa = XCConfigurationList;
			buildConfigurations = (
				733328B919B30330005E42B9 /* Debug */,
				733328BA19B30330005E42B9 /* Release */,
			);
			defaultConfigurationIsVisible = 0;
		};
/* End XCConfigurationList section */
	};
	rootObject = 733328A219B30330005E42B9 /* Project object */;
}
